# This file is autogenerated, do not edit; changes may be undone by the next 'dep ensure'.


[[projects]]
  branch = "master"
  name = "github.com/iovisor/gobpf"
  packages = ["bcc","pkg/cpuonline"]
  revision = "4dc1144cd2a0cc5dbae0b4db4691bd5a84ecc602"

[solve-meta]
  analyzer-name = "dep"
  analyzer-version = 1
  inputs-digest = "b86da7e3e73918eaaba28b19bacfdd3aa0e1ad5d1bdd3f3170d03bb2747945e6"
  solver-name = "gps-cdcl"
  solver-version = 1
